<?xml version="1.0" encoding="utf-8"?>
<Project ToolsVersion="4.0" xmlns="http://schemas.microsoft.com/developer/msbuild/2003">
  <ItemGroup>
    <Filter Include="Source Files">
      <UniqueIdentifier>{4FC737F1-C7A5-4376-A066-2A32D752A2FF}</UniqueIdentifier>
      <Extensions>cpp;c;cc;cxx;def;odl;idl;hpj;bat;asm;asmx</Extensions>
    </Filter>
    <Filter Include="Header Files">
      <UniqueIdentifier>{93995380-89BD-4b04-88EB-625FBE52EBFB}</UniqueIdentifier>
      <Extensions>h;hh;hpp;hxx;hm;inl;inc;xsd</Extensions>
    </Filter>
    <Filter Include="Resource Files">
      <UniqueIdentifier>{67DA6AB6-F800-4c08-8B7A-83BB121AAD01}</UniqueIdentifier>
      <Extensions>rc;ico;cur;bmp;dlg;rc2;rct;bin;rgs;gif;jpg;jpeg;jpe;resx;tiff;tif;png;wav;mfcribbon-ms</Extensions>
    </Filter>
    <Filter Include="Shaders">
      <UniqueIdentifier>{acbd0a71-65da-4e97-a7b0-fe92b31441f5}</UniqueIdentifier>
    </Filter>
    <Filter Include="Shaders\Vertex Shader">
      <UniqueIdentifier>{e24344de-b73d-4745-a0fc-b2728433702c}</UniqueIdentifier>
    </Filter>
    <Filter Include="Shaders\Pixel Shader">
      <UniqueIdentifier>{692e5a8b-b4fa-4b63-9da1-e6bce94439db}</UniqueIdentifier>
    </Filter>
    <Filter Include="Models">
      <UniqueIdentifier>{c490328e-a619-4fe3-a091-2ddb81df6f03}</UniqueIdentifier>
    </Filter>
    <Filter Include="Models\data">
      <UniqueIdentifier>{e7d11788-a7ab-4b49-959d-f09bb5e873dc}</UniqueIdentifier>
    </Filter>
    <Filter Include="Shaders\hull">
      <UniqueIdentifier>{45d341bb-c0fa-4c73-a028-1e5569304c0b}</UniqueIdentifier>
    </Filter>
    <Filter Include="Shaders\domain">
      <UniqueIdentifier>{e551a9a3-41d7-43f6-8d0a-68d739902d90}</UniqueIdentifier>
    </Filter>
  </ItemGroup>
  <ItemGroup>
    <ClCompile Include="main.cpp">
      <Filter>Source Files</Filter>
    </ClCompile>
    <ClCompile Include="system_class.cpp">
      <Filter>Source Files</Filter>
    </ClCompile>
    <ClCompile Include="input_class.cpp">
      <Filter>Source Files</Filter>
    </ClCompile>
    <ClCompile Include="graphics_class.cpp">
      <Filter>Source Files</Filter>
    </ClCompile>
    <ClCompile Include="d3d_class.cpp">
      <Filter>Source Files</Filter>
    </ClCompile>
    <ClCompile Include="model_class.cpp">
      <Filter>Source Files</Filter>
    </ClCompile>
    <ClCompile Include="color_shader_class.cpp">
      <Filter>Source Files</Filter>
    </ClCompile>
    <ClCompile Include="camera_class.cpp">
      <Filter>Source Files</Filter>
    </ClCompile>
    <ClCompile Include="texture_class.cpp">
      <Filter>Source Files</Filter>
    </ClCompile>
    <ClCompile Include="texture_shader_class.cpp">
      <Filter>Source Files</Filter>
    </ClCompile>
    <ClCompile Include="light_shader_class.cpp">
      <Filter>Source Files</Filter>
    </ClCompile>
    <ClCompile Include="light_class.cpp">
      <Filter>Source Files</Filter>
    </ClCompile>
    <ClCompile Include="model_list_class.cpp">
      <Filter>Source Files</Filter>
    </ClCompile>
    <ClCompile Include="frustum_class.cpp">
      <Filter>Source Files</Filter>
    </ClCompile>
    <ClCompile Include="position_class.cpp">
      <Filter>Source Files</Filter>
    </ClCompile>
    <ClCompile Include="fps_class.cpp">
      <Filter>Source Files</Filter>
    </ClCompile>
    <ClCompile Include="cpu_class.cpp">
      <Filter>Source Files</Filter>
    </ClCompile>
    <ClCompile Include="timer_class.cpp">
      <Filter>Source Files</Filter>
    </ClCompile>
    <ClCompile Include="normal_shader_class.cpp">
      <Filter>Source Files</Filter>
    </ClCompile>
    <ClCompile Include="render_texture_class.cpp">
      <Filter>Source Files</Filter>
    </ClCompile>
    <ClCompile Include="debug_window_class.cpp">
      <Filter>Source Files</Filter>
    </ClCompile>
    <ClCompile Include="reflection_shader_class.cpp">
      <Filter>Source Files</Filter>
    </ClCompile>
    <ClCompile Include="water_shader_class.cpp">
      <Filter>Source Files</Filter>
    </ClCompile>
    <ClCompile Include="refraction_shader_class.cpp">
      <Filter>Source Files</Filter>
    </ClCompile>
    <ClCompile Include="fire_shader_class.cpp">
      <Filter>Source Files</Filter>
    </ClCompile>
    <ClCompile Include="depth_shader_class.cpp">
      <Filter>Source Files</Filter>
    </ClCompile>
    <ClCompile Include="horizontal_blur_shader_class.cpp">
      <Filter>Source Files</Filter>
    </ClCompile>
    <ClCompile Include="vertical_blur_shader_class.cpp">
      <Filter>Source Files</Filter>
    </ClCompile>
    <ClCompile Include="ortho_window_class.cpp">
      <Filter>Source Files</Filter>
    </ClCompile>
    <ClCompile Include="particle_system_class.cpp">
      <Filter>Source Files</Filter>
    </ClCompile>
    <ClCompile Include="particle_shader_class.cpp">
      <Filter>Source Files</Filter>
    </ClCompile>
    <ClCompile Include="shadow_shader_class.cpp">
      <Filter>Source Files</Filter>
    </ClCompile>
    <ClCompile Include="shader_manager_class.cpp">
      <Filter>Source Files</Filter>
    </ClCompile>
    <ClCompile Include="bitmap_class.cpp">
      <Filter>Source Files</Filter>
    </ClCompile>
    <ClCompile Include="deferred_buffers_class.cpp">
      <Filter>Source Files</Filter>
    </ClCompile>
    <ClCompile Include="deferred_shader_class.cpp">
      <Filter>Source Files</Filter>
    </ClCompile>
    <ClCompile Include="font_class.cpp">
      <Filter>Source Files</Filter>
    </ClCompile>
    <ClCompile Include="font_shader_class.cpp">
      <Filter>Source Files</Filter>
    </ClCompile>
    <ClCompile Include="text_class.cpp">
      <Filter>Source Files</Filter>
    </ClCompile>
    <ClCompile Include="terrain_class.cpp">
      <Filter>Source Files</Filter>
    </ClCompile>
    <ClCompile Include="terrain_shader_class.cpp">
      <Filter>Source Files</Filter>
    </ClCompile>
    <ClCompile Include="texture_manager_class.cpp">
      <Filter>Source Files</Filter>
    </ClCompile>
  </ItemGroup>
  <ItemGroup>
    <ClInclude Include="system_class.h">
      <Filter>Header Files</Filter>
    </ClInclude>
    <ClInclude Include="input_class.h">
      <Filter>Header Files</Filter>
    </ClInclude>
    <ClInclude Include="graphics_class.h">
      <Filter>Header Files</Filter>
    </ClInclude>
    <ClInclude Include="d3d_class.h">
      <Filter>Header Files</Filter>
    </ClInclude>
    <ClInclude Include="model_class.h">
      <Filter>Header Files</Filter>
    </ClInclude>
    <ClInclude Include="color_shader_class.h">
      <Filter>Header Files</Filter>
    </ClInclude>
    <ClInclude Include="camera_class.h">
      <Filter>Header Files</Filter>
    </ClInclude>
    <ClInclude Include="texture_class.h">
      <Filter>Header Files</Filter>
    </ClInclude>
    <ClInclude Include="texture_shader_class.h">
      <Filter>Header Files</Filter>
    </ClInclude>
    <ClInclude Include="light_shader_class.h">
      <Filter>Header Files</Filter>
    </ClInclude>
    <ClInclude Include="light_class.h">
      <Filter>Header Files</Filter>
    </ClInclude>
    <ClInclude Include="model_list_class.h">
      <Filter>Header Files</Filter>
    </ClInclude>
    <ClInclude Include="frustum_class.h">
      <Filter>Header Files</Filter>
    </ClInclude>
    <ClInclude Include="position_class.h">
      <Filter>Header Files</Filter>
    </ClInclude>
    <ClInclude Include="fps_class.h">
      <Filter>Header Files</Filter>
    </ClInclude>
    <ClInclude Include="cpu_class.h">
      <Filter>Header Files</Filter>
    </ClInclude>
    <ClInclude Include="timer_class.h">
      <Filter>Header Files</Filter>
    </ClInclude>
    <ClInclude Include="normal_shader_class.h">
      <Filter>Header Files</Filter>
    </ClInclude>
    <ClInclude Include="render_texture_class.h">
      <Filter>Header Files</Filter>
    </ClInclude>
    <ClInclude Include="debug_window_class.h">
      <Filter>Header Files</Filter>
    </ClInclude>
    <ClInclude Include="reflection_shader_class.h">
      <Filter>Header Files</Filter>
    </ClInclude>
    <ClInclude Include="water_shader_class.h">
      <Filter>Header Files</Filter>
    </ClInclude>
    <ClInclude Include="refraction_shader_class.h">
      <Filter>Header Files</Filter>
    </ClInclude>
    <ClInclude Include="fire_shader_class.h">
      <Filter>Header Files</Filter>
    </ClInclude>
    <ClInclude Include="depth_shader_class.h">
      <Filter>Header Files</Filter>
    </ClInclude>
    <ClInclude Include="horizontal_blur_shader_class.h">
      <Filter>Header Files</Filter>
    </ClInclude>
    <ClInclude Include="vertical_blur_shader_class.h">
      <Filter>Header Files</Filter>
    </ClInclude>
    <ClInclude Include="ortho_window_class.h">
      <Filter>Header Files</Filter>
    </ClInclude>
    <ClInclude Include="particle_system_class.h">
      <Filter>Header Files</Filter>
    </ClInclude>
    <ClInclude Include="particle_shader_class.h">
      <Filter>Header Files</Filter>
    </ClInclude>
    <ClInclude Include="shadow_shader_class.h">
      <Filter>Header Files</Filter>
    </ClInclude>
    <ClInclude Include="shader_manager_class.h">
      <Filter>Header Files</Filter>
    </ClInclude>
    <ClInclude Include="bitmap_class.h">
      <Filter>Header Files</Filter>
    </ClInclude>
    <ClInclude Include="deferred_buffers_class.h">
      <Filter>Header Files</Filter>
    </ClInclude>
    <ClInclude Include="deferred_shader_class.h">
      <Filter>Header Files</Filter>
    </ClInclude>
    <ClInclude Include="font_class.h">
      <Filter>Header Files</Filter>
    </ClInclude>
    <ClInclude Include="font_shader_class.h">
      <Filter>Header Files</Filter>
    </ClInclude>
    <ClInclude Include="text_class.h">
      <Filter>Header Files</Filter>
    </ClInclude>
    <ClInclude Include="terrain_class.h">
      <Filter>Header Files</Filter>
    </ClInclude>
    <ClInclude Include="terrain_shader_class.h">
      <Filter>Header Files</Filter>
    </ClInclude>
    <ClInclude Include="texture_manager_class.h">
      <Filter>Header Files</Filter>
    </ClInclude>
  </ItemGroup>
  <ItemGroup>
    <None Include="shaders\vertex\normal_map.vs">
      <Filter>Shaders\Vertex Shader</Filter>
    </None>
    <None Include="shaders\pixel\normal_map.ps">
      <Filter>Shaders\Pixel Shader</Filter>
    </None>
    <None Include="shaders\vertex\reflection.vs">
      <Filter>Shaders\Vertex Shader</Filter>
    </None>
    <None Include="shaders\pixel\reflection.ps">
      <Filter>Shaders\Pixel Shader</Filter>
    </None>
    <None Include="shaders\pixel\water.ps">
      <Filter>Shaders\Pixel Shader</Filter>
    </None>
    <None Include="shaders\vertex\water.vs">
      <Filter>Shaders\Vertex Shader</Filter>
    </None>
    <None Include="shaders\vertex\refraction.vs">
      <Filter>Shaders\Vertex Shader</Filter>
    </None>
    <None Include="shaders\pixel\refraction.ps">
      <Filter>Shaders\Pixel Shader</Filter>
    </None>
    <None Include="shaders\vertex\fire.vs">
      <Filter>Shaders\Vertex Shader</Filter>
    </None>
    <None Include="shaders\pixel\fire.ps">
      <Filter>Shaders\Pixel Shader</Filter>
    </None>
    <None Include="shaders\vertex\depth.vs">
      <Filter>Shaders\Vertex Shader</Filter>
    </None>
    <None Include="shaders\pixel\depth.ps">
      <Filter>Shaders\Pixel Shader</Filter>
    </None>
    <None Include="shaders\vertex\horizontal_blur.vs">
      <Filter>Shaders\Vertex Shader</Filter>
    </None>
    <None Include="shaders\pixel\horizontal_blur.ps">
      <Filter>Shaders\Pixel Shader</Filter>
    </None>
    <None Include="shaders\vertex\vertical_blur.vs">
      <Filter>Shaders\Vertex Shader</Filter>
    </None>
    <None Include="shaders\pixel\vertical_blur.ps">
      <Filter>Shaders\Pixel Shader</Filter>
    </None>
    <None Include="shaders\pixel\texture.ps">
      <Filter>Shaders\Pixel Shader</Filter>
    </None>
    <None Include="shaders\vertex\texture.vs">
      <Filter>Shaders\Vertex Shader</Filter>
    </None>
    <None Include="shaders\vertex\color.vs">
      <Filter>Shaders\Vertex Shader</Filter>
    </None>
    <None Include="shaders\hull\color.hs">
      <Filter>Shaders\hull</Filter>
    </None>
    <None Include="shaders\domain\color.ds">
      <Filter>Shaders\domain</Filter>
    </None>
    <None Include="shaders\pixel\color.ps">
      <Filter>Shaders\Pixel Shader</Filter>
    </None>
    <None Include="shaders\vertex\particle.vs">
      <Filter>Shaders\Vertex Shader</Filter>
    </None>
    <None Include="shaders\pixel\particle.ps">
      <Filter>Shaders\Pixel Shader</Filter>
    </None>
    <None Include="shaders\vertex\shadow.vs">
      <Filter>Shaders\Vertex Shader</Filter>
    </None>
    <None Include="shaders\pixel\shadow.ps">
      <Filter>Shaders\Pixel Shader</Filter>
    </None>
    <None Include="shaders\vertex\deferred.vs">
      <Filter>Shaders\Vertex Shader</Filter>
    </None>
    <None Include="shaders\pixel\deferred.ps">
      <Filter>Shaders\Pixel Shader</Filter>
    </None>
    <None Include="shaders\pixel\light.ps">
      <Filter>Shaders\Pixel Shader</Filter>
    </None>
    <None Include="shaders\vertex\light.vs">
      <Filter>Shaders\Vertex Shader</Filter>
    </None>
    <None Include="shaders\vertex\font.vs">
      <Filter>Shaders\Vertex Shader</Filter>
    </None>
    <None Include="shaders\pixel\font.ps">
      <Filter>Shaders\Pixel Shader</Filter>
    </None>
    <None Include="shaders\vertex\terrain.vs">
      <Filter>Shaders\Vertex Shader</Filter>
    </None>
    <None Include="shaders\pixel\terrain.ps">
      <Filter>Shaders\Pixel Shader</Filter>
    </None>
  </ItemGroup>
  <ItemGroup>
    <Text Include="data\cube.txt">
      <Filter>Models\data</Filter>
    </Text>
  </ItemGroup>
  <ItemGroup>
    <Image Include="data\floor.dds">
      <Filter>Models\data</Filter>
    </Image>
  </ItemGroup>
</Project>