<?xml version="1.0" encoding="utf-8"?>
<Project ToolsVersion="4.0" xmlns="http://schemas.microsoft.com/developer/msbuild/2003">
  <ItemGroup>
    <Filter Include="Source Files">
      <UniqueIdentifier>{4FC737F1-C7A5-4376-A066-2A32D752A2FF}</UniqueIdentifier>
      <Extensions>cpp;c;cc;cxx;def;odl;idl;hpj;bat;asm;asmx</Extensions>
    </Filter>
    <Filter Include="Header Files">
      <UniqueIdentifier>{93995380-89BD-4b04-88EB-625FBE52EBFB}</UniqueIdentifier>
      <Extensions>h;hh;hpp;hxx;hm;inl;inc;xsd</Extensions>
    </Filter>
    <Filter Include="Resource Files">
      <UniqueIdentifier>{67DA6AB6-F800-4c08-8B7A-83BB121AAD01}</UniqueIdentifier>
      <Extensions>rc;ico;cur;bmp;dlg;rc2;rct;bin;rgs;gif;jpg;jpeg;jpe;resx;tiff;tif;png;wav;mfcribbon-ms</Extensions>
    </Filter>
    <Filter Include="Shaders">
      <UniqueIdentifier>{acbd0a71-65da-4e97-a7b0-fe92b31441f5}</UniqueIdentifier>
    </Filter>
    <Filter Include="Shaders\Vertex Shader">
      <UniqueIdentifier>{e24344de-b73d-4745-a0fc-b2728433702c}</UniqueIdentifier>
    </Filter>
    <Filter Include="Shaders\Pixel Shader">
      <UniqueIdentifier>{692e5a8b-b4fa-4b63-9da1-e6bce94439db}</UniqueIdentifier>
    </Filter>
  </ItemGroup>
  <ItemGroup>
    <ClCompile Include="main.cpp">
      <Filter>Source Files</Filter>
    </ClCompile>
    <ClCompile Include="system_class.cpp">
      <Filter>Source Files</Filter>
    </ClCompile>
    <ClCompile Include="input_class.cpp">
      <Filter>Source Files</Filter>
    </ClCompile>
    <ClCompile Include="graphics_class.cpp">
      <Filter>Source Files</Filter>
    </ClCompile>
    <ClCompile Include="d3d_class.cpp">
      <Filter>Source Files</Filter>
    </ClCompile>
    <ClCompile Include="model_class.cpp">
      <Filter>Source Files</Filter>
    </ClCompile>
    <ClCompile Include="color_shader_class.cpp">
      <Filter>Source Files</Filter>
    </ClCompile>
    <ClCompile Include="camera_class.cpp">
      <Filter>Source Files</Filter>
    </ClCompile>
    <ClCompile Include="texture_class.cpp">
      <Filter>Source Files</Filter>
    </ClCompile>
    <ClCompile Include="texture_shader_class.cpp">
      <Filter>Source Files</Filter>
    </ClCompile>
  </ItemGroup>
  <ItemGroup>
    <ClInclude Include="system_class.h">
      <Filter>Header Files</Filter>
    </ClInclude>
    <ClInclude Include="input_class.h">
      <Filter>Header Files</Filter>
    </ClInclude>
    <ClInclude Include="graphics_class.h">
      <Filter>Header Files</Filter>
    </ClInclude>
    <ClInclude Include="d3d_class.h">
      <Filter>Header Files</Filter>
    </ClInclude>
    <ClInclude Include="model_class.h">
      <Filter>Header Files</Filter>
    </ClInclude>
    <ClInclude Include="color_shader_class.h">
      <Filter>Header Files</Filter>
    </ClInclude>
    <ClInclude Include="camera_class.h">
      <Filter>Header Files</Filter>
    </ClInclude>
    <ClInclude Include="texture_class.h">
      <Filter>Header Files</Filter>
    </ClInclude>
    <ClInclude Include="texture_shader_class.h">
      <Filter>Header Files</Filter>
    </ClInclude>
  </ItemGroup>
  <ItemGroup>
    <None Include="color.vs">
      <Filter>Shaders\Vertex Shader</Filter>
    </None>
    <None Include="color.ps">
      <Filter>Shaders\Pixel Shader</Filter>
    </None>
    <None Include="texture.vs">
      <Filter>Shaders\Vertex Shader</Filter>
    </None>
    <None Include="texture.ps">
      <Filter>Shaders\Pixel Shader</Filter>
    </None>
  </ItemGroup>
</Project>